
Microsoft Visual Studio Solution File, Format Version 12.00
# Visual Studio Version 17
VisualStudioVersion = 17.7.34221.43
MinimumVisualStudioVersion = 10.0.40219.1
Project("{FAE04EC0-301F-11D3-BF4B-00C04F79EFBC}") = "WinFormsApp1", "WinFormsApp1.csproj", "{1CA40648-FDA8-471E-8361-FA75BCDCFC95}"
EndProject
Global
	GlobalSection(SolutionConfigurationPlatforms) = preSolution
		Debug|Any CPU = Debug|Any CPU
		Release|Any CPU = Release|Any CPU
	EndGlobalSection
	GlobalSection(ProjectConfigurationPlatforms) = postSolution
		{1CA40648-FDA8-471E-8361-FA75BCDCFC95}.Debug|Any CPU.ActiveCfg = Debug|Any CPU
		{1CA40648-FDA8-471E-8361-FA75BCDCFC95}.Debug|Any CPU.Build.0 = Debug|Any CPU
		{1CA40648-FDA8-471E-8361-FA75BCDCFC95}.Release|Any CPU.ActiveCfg = Release|Any CPU
		{1CA40648-FDA8-471E-8361-FA75BCDCFC95}.Release|Any CPU.Build.0 = Release|Any CPU
	EndGlobalSection
	GlobalSection(SolutionProperties) = preSolution
		HideSolutionNode = FALSE
	EndGlobalSection
	GlobalSection(ExtensibilityGlobals) = postSolution
		SolutionGuid = {47E67CC2-20F1-443E-A60E-F44CBE83A4B2}
	EndGlobalSection
EndGlobal
